github.com/gotk3/gotk3 v0.5.3-0.20210514043925-3f44af595c5e h1:+gTJ76gEbkR47suP+ANvcLl/whUwJWbDP5XvPkI3B0E=
github.com/gotk3/gotk3 v0.5.3-0.20210514043925-3f44af595c5e/go.mod h1:/hqFpkNa9T3JgNAE2fLvCdov7c5bw//FHNZrZ3Uv9/Q=
golang.org/x/sync v0.0.0-20210220032951-036812b2e83c h1:5KslGYwFpkhGh+Q16bwMP3cOontH8FOep7tGV86Y7SQ=
golang.org/x/sync v0.0.0-20210220032951-036812b2e83c/go.mod h1:RxMgew5VJxzue5/jJTE5uejpjVlOe/izrB70Jof72aM=
