go4.org/unsafe/assume-no-moving-gc v0.0.0-20201222180813-1025295fd063 h1:1tk03FUNpulq2cuWpXZWj649rwJpk0d20rxWiopKRmc=
go4.org/unsafe/assume-no-moving-gc v0.0.0-20201222180813-1025295fd063/go.mod h1:FftLjUGFEDu5k8lt0ddY+HcrH/qU/0qk+H8j9/nTl3E=
golang.org/x/sync v0.0.0-20210220032951-036812b2e83c h1:5KslGYwFpkhGh+Q16bwMP3cOontH8FOep7tGV86Y7SQ=
golang.org/x/sync v0.0.0-20210220032951-036812b2e83c/go.mod h1:RxMgew5VJxzue5/jJTE5uejpjVlOe/izrB70Jof72aM=
